
Microsoft Visual Studio Solution File, Format Version 12.00
# Visual Studio Version 17
VisualStudioVersion = 17.0.31903.59
MinimumVisualStudioVersion = 10.0.40219.1
Project("{FAE04EC0-301F-11D3-BF4B-00C04F79EFBC}") = "Task1", "Task1\Task1.csproj", "{1862D57D-8669-4D5F-8970-C934E6B246D9}"
EndProject
Project("{FAE04EC0-301F-11D3-BF4B-00C04F79EFBC}") = "Task2", "Task2\Task2.csproj", "{0CAD3910-D1BE-4759-B93C-D9F5A220FDF1}"
EndProject
Project("{FAE04EC0-301F-11D3-BF4B-00C04F79EFBC}") = "Task3", "Task3\Task3.csproj", "{ABB097E9-0CA1-4D88-AA35-6752CCA46B8D}"
EndProject
Global
	GlobalSection(SolutionConfigurationPlatforms) = preSolution
		Debug|Any CPU = Debug|Any CPU
		Debug|x64 = Debug|x64
		Debug|x86 = Debug|x86
		Release|Any CPU = Release|Any CPU
		Release|x64 = Release|x64
		Release|x86 = Release|x86
	EndGlobalSection
	GlobalSection(ProjectConfigurationPlatforms) = postSolution
		{1862D57D-8669-4D5F-8970-C934E6B246D9}.Debug|Any CPU.ActiveCfg = Debug|Any CPU
		{1862D57D-8669-4D5F-8970-C934E6B246D9}.Debug|Any CPU.Build.0 = Debug|Any CPU
		{1862D57D-8669-4D5F-8970-C934E6B246D9}.Debug|x64.ActiveCfg = Debug|Any CPU
		{1862D57D-8669-4D5F-8970-C934E6B246D9}.Debug|x64.Build.0 = Debug|Any CPU
		{1862D57D-8669-4D5F-8970-C934E6B246D9}.Debug|x86.ActiveCfg = Debug|Any CPU
		{1862D57D-8669-4D5F-8970-C934E6B246D9}.Debug|x86.Build.0 = Debug|Any CPU
		{1862D57D-8669-4D5F-8970-C934E6B246D9}.Release|Any CPU.ActiveCfg = Release|Any CPU
		{1862D57D-8669-4D5F-8970-C934E6B246D9}.Release|Any CPU.Build.0 = Release|Any CPU
		{1862D57D-8669-4D5F-8970-C934E6B246D9}.Release|x64.ActiveCfg = Release|Any CPU
		{1862D57D-8669-4D5F-8970-C934E6B246D9}.Release|x64.Build.0 = Release|Any CPU
		{1862D57D-8669-4D5F-8970-C934E6B246D9}.Release|x86.ActiveCfg = Release|Any CPU
		{1862D57D-8669-4D5F-8970-C934E6B246D9}.Release|x86.Build.0 = Release|Any CPU
		{0CAD3910-D1BE-4759-B93C-D9F5A220FDF1}.Debug|Any CPU.ActiveCfg = Debug|Any CPU
		{0CAD3910-D1BE-4759-B93C-D9F5A220FDF1}.Debug|Any CPU.Build.0 = Debug|Any CPU
		{0CAD3910-D1BE-4759-B93C-D9F5A220FDF1}.Debug|x64.ActiveCfg = Debug|Any CPU
		{0CAD3910-D1BE-4759-B93C-D9F5A220FDF1}.Debug|x64.Build.0 = Debug|Any CPU
		{0CAD3910-D1BE-4759-B93C-D9F5A220FDF1}.Debug|x86.ActiveCfg = Debug|Any CPU
		{0CAD3910-D1BE-4759-B93C-D9F5A220FDF1}.Debug|x86.Build.0 = Debug|Any CPU
		{0CAD3910-D1BE-4759-B93C-D9F5A220FDF1}.Release|Any CPU.ActiveCfg = Release|Any CPU
		{0CAD3910-D1BE-4759-B93C-D9F5A220FDF1}.Release|Any CPU.Build.0 = Release|Any CPU
		{0CAD3910-D1BE-4759-B93C-D9F5A220FDF1}.Release|x64.ActiveCfg = Release|Any CPU
		{0CAD3910-D1BE-4759-B93C-D9F5A220FDF1}.Release|x64.Build.0 = Release|Any CPU
		{0CAD3910-D1BE-4759-B93C-D9F5A220FDF1}.Release|x86.ActiveCfg = Release|Any CPU
		{0CAD3910-D1BE-4759-B93C-D9F5A220FDF1}.Release|x86.Build.0 = Release|Any CPU
		{ABB097E9-0CA1-4D88-AA35-6752CCA46B8D}.Debug|Any CPU.ActiveCfg = Debug|Any CPU
		{ABB097E9-0CA1-4D88-AA35-6752CCA46B8D}.Debug|Any CPU.Build.0 = Debug|Any CPU
		{ABB097E9-0CA1-4D88-AA35-6752CCA46B8D}.Debug|x64.ActiveCfg = Debug|Any CPU
		{ABB097E9-0CA1-4D88-AA35-6752CCA46B8D}.Debug|x64.Build.0 = Debug|Any CPU
		{ABB097E9-0CA1-4D88-AA35-6752CCA46B8D}.Debug|x86.ActiveCfg = Debug|Any CPU
		{ABB097E9-0CA1-4D88-AA35-6752CCA46B8D}.Debug|x86.Build.0 = Debug|Any CPU
		{ABB097E9-0CA1-4D88-AA35-6752CCA46B8D}.Release|Any CPU.ActiveCfg = Release|Any CPU
		{ABB097E9-0CA1-4D88-AA35-6752CCA46B8D}.Release|Any CPU.Build.0 = Release|Any CPU
		{ABB097E9-0CA1-4D88-AA35-6752CCA46B8D}.Release|x64.ActiveCfg = Release|Any CPU
		{ABB097E9-0CA1-4D88-AA35-6752CCA46B8D}.Release|x64.Build.0 = Release|Any CPU
		{ABB097E9-0CA1-4D88-AA35-6752CCA46B8D}.Release|x86.ActiveCfg = Release|Any CPU
		{ABB097E9-0CA1-4D88-AA35-6752CCA46B8D}.Release|x86.Build.0 = Release|Any CPU
	EndGlobalSection
	GlobalSection(SolutionProperties) = preSolution
		HideSolutionNode = FALSE
	EndGlobalSection
EndGlobal
