
Microsoft Visual Studio Solution File, Format Version 12.00
# Visual Studio Version 17
VisualStudioVersion = 17.0.31903.59
MinimumVisualStudioVersion = 10.0.40219.1
Project("{FAE04EC0-301F-11D3-BF4B-00C04F79EFBC}") = "Task1", "Task1\Task1.csproj", "{DE1B84FF-8497-405F-8EED-05274998CF84}"
EndProject
Project("{FAE04EC0-301F-11D3-BF4B-00C04F79EFBC}") = "Task2", "Task2\Task2.csproj", "{55691E5D-60B6-4BA0-8508-0F0863F69F22}"
EndProject
Project("{FAE04EC0-301F-11D3-BF4B-00C04F79EFBC}") = "Task3", "Task3\Task3.csproj", "{E2D750DA-AAE0-4AE2-9891-E79C3914D196}"
EndProject
Project("{FAE04EC0-301F-11D3-BF4B-00C04F79EFBC}") = "Task4", "Task4\Task4.csproj", "{C8711EC8-0752-4F12-A721-2E35F63AA3BC}"
EndProject
Project("{FAE04EC0-301F-11D3-BF4B-00C04F79EFBC}") = "Task5", "Task5\Task5.csproj", "{1B707364-9CFB-413B-AE3A-7D8B76345A26}"
EndProject
Project("{FAE04EC0-301F-11D3-BF4B-00C04F79EFBC}") = "Task6", "Task6\Task6.csproj", "{EC2B5D8F-1FDA-4568-99B7-8D7362BF989E}"
EndProject
Project("{FAE04EC0-301F-11D3-BF4B-00C04F79EFBC}") = "Task7", "Task7\Task7.csproj", "{C3881203-3C67-4D07-839C-8CAF9E299402}"
EndProject
Project("{FAE04EC0-301F-11D3-BF4B-00C04F79EFBC}") = "Task8", "Task8\Task8.csproj", "{9ED04DB2-BAF9-4A10-B738-71FC76CA5126}"
EndProject
Project("{FAE04EC0-301F-11D3-BF4B-00C04F79EFBC}") = "Task9", "Task9\Task9.csproj", "{A02043AD-C7AD-4978-9ED4-B3D01B2EB227}"
EndProject
Project("{FAE04EC0-301F-11D3-BF4B-00C04F79EFBC}") = "Task10", "Task10\Task10.csproj", "{6E409FC5-9E69-4881-AB70-8AC3CE944B11}"
EndProject
Project("{FAE04EC0-301F-11D3-BF4B-00C04F79EFBC}") = "Task11", "Task11\Task11.csproj", "{65C7D5EB-2AE3-4E68-81A2-2D4D223DE0F8}"
EndProject
Project("{FAE04EC0-301F-11D3-BF4B-00C04F79EFBC}") = "Task12", "Task12\Task12.csproj", "{9E926A74-099C-4CCA-9577-72148077C679}"
EndProject
Project("{FAE04EC0-301F-11D3-BF4B-00C04F79EFBC}") = "Task13", "Task13\Task13.csproj", "{7978C631-D50B-456E-87CD-7AF9F504BB1D}"
EndProject
Project("{FAE04EC0-301F-11D3-BF4B-00C04F79EFBC}") = "Task14", "Task14\Task14.csproj", "{61713F14-3BFB-4BE2-96C8-C3DBF9309B1C}"
EndProject
Project("{FAE04EC0-301F-11D3-BF4B-00C04F79EFBC}") = "Task15", "Task15\Task15.csproj", "{1AE7ABA7-04ED-412E-8E54-29A0E57FDED2}"
EndProject
Project("{FAE04EC0-301F-11D3-BF4B-00C04F79EFBC}") = "Task16", "Task16\Task16.csproj", "{5F0AD3DE-A4B2-48D0-B77D-46D8DAB84FA8}"
EndProject
Global
	GlobalSection(SolutionConfigurationPlatforms) = preSolution
		Debug|Any CPU = Debug|Any CPU
		Debug|x64 = Debug|x64
		Debug|x86 = Debug|x86
		Release|Any CPU = Release|Any CPU
		Release|x64 = Release|x64
		Release|x86 = Release|x86
	EndGlobalSection
	GlobalSection(ProjectConfigurationPlatforms) = postSolution
		{DE1B84FF-8497-405F-8EED-05274998CF84}.Debug|Any CPU.ActiveCfg = Debug|Any CPU
		{DE1B84FF-8497-405F-8EED-05274998CF84}.Debug|Any CPU.Build.0 = Debug|Any CPU
		{DE1B84FF-8497-405F-8EED-05274998CF84}.Debug|x64.ActiveCfg = Debug|Any CPU
		{DE1B84FF-8497-405F-8EED-05274998CF84}.Debug|x64.Build.0 = Debug|Any CPU
		{DE1B84FF-8497-405F-8EED-05274998CF84}.Debug|x86.ActiveCfg = Debug|Any CPU
		{DE1B84FF-8497-405F-8EED-05274998CF84}.Debug|x86.Build.0 = Debug|Any CPU
		{DE1B84FF-8497-405F-8EED-05274998CF84}.Release|Any CPU.ActiveCfg = Release|Any CPU
		{DE1B84FF-8497-405F-8EED-05274998CF84}.Release|Any CPU.Build.0 = Release|Any CPU
		{DE1B84FF-8497-405F-8EED-05274998CF84}.Release|x64.ActiveCfg = Release|Any CPU
		{DE1B84FF-8497-405F-8EED-05274998CF84}.Release|x64.Build.0 = Release|Any CPU
		{DE1B84FF-8497-405F-8EED-05274998CF84}.Release|x86.ActiveCfg = Release|Any CPU
		{DE1B84FF-8497-405F-8EED-05274998CF84}.Release|x86.Build.0 = Release|Any CPU
		{55691E5D-60B6-4BA0-8508-0F0863F69F22}.Debug|Any CPU.ActiveCfg = Debug|Any CPU
		{55691E5D-60B6-4BA0-8508-0F0863F69F22}.Debug|Any CPU.Build.0 = Debug|Any CPU
		{55691E5D-60B6-4BA0-8508-0F0863F69F22}.Debug|x64.ActiveCfg = Debug|Any CPU
		{55691E5D-60B6-4BA0-8508-0F0863F69F22}.Debug|x64.Build.0 = Debug|Any CPU
		{55691E5D-60B6-4BA0-8508-0F0863F69F22}.Debug|x86.ActiveCfg = Debug|Any CPU
		{55691E5D-60B6-4BA0-8508-0F0863F69F22}.Debug|x86.Build.0 = Debug|Any CPU
		{55691E5D-60B6-4BA0-8508-0F0863F69F22}.Release|Any CPU.ActiveCfg = Release|Any CPU
		{55691E5D-60B6-4BA0-8508-0F0863F69F22}.Release|Any CPU.Build.0 = Release|Any CPU
		{55691E5D-60B6-4BA0-8508-0F0863F69F22}.Release|x64.ActiveCfg = Release|Any CPU
		{55691E5D-60B6-4BA0-8508-0F0863F69F22}.Release|x64.Build.0 = Release|Any CPU
		{55691E5D-60B6-4BA0-8508-0F0863F69F22}.Release|x86.ActiveCfg = Release|Any CPU
		{55691E5D-60B6-4BA0-8508-0F0863F69F22}.Release|x86.Build.0 = Release|Any CPU
		{E2D750DA-AAE0-4AE2-9891-E79C3914D196}.Debug|Any CPU.ActiveCfg = Debug|Any CPU
		{E2D750DA-AAE0-4AE2-9891-E79C3914D196}.Debug|Any CPU.Build.0 = Debug|Any CPU
		{E2D750DA-AAE0-4AE2-9891-E79C3914D196}.Debug|x64.ActiveCfg = Debug|Any CPU
		{E2D750DA-AAE0-4AE2-9891-E79C3914D196}.Debug|x64.Build.0 = Debug|Any CPU
		{E2D750DA-AAE0-4AE2-9891-E79C3914D196}.Debug|x86.ActiveCfg = Debug|Any CPU
		{E2D750DA-AAE0-4AE2-9891-E79C3914D196}.Debug|x86.Build.0 = Debug|Any CPU
		{E2D750DA-AAE0-4AE2-9891-E79C3914D196}.Release|Any CPU.ActiveCfg = Release|Any CPU
		{E2D750DA-AAE0-4AE2-9891-E79C3914D196}.Release|Any CPU.Build.0 = Release|Any CPU
		{E2D750DA-AAE0-4AE2-9891-E79C3914D196}.Release|x64.ActiveCfg = Release|Any CPU
		{E2D750DA-AAE0-4AE2-9891-E79C3914D196}.Release|x64.Build.0 = Release|Any CPU
		{E2D750DA-AAE0-4AE2-9891-E79C3914D196}.Release|x86.ActiveCfg = Release|Any CPU
		{E2D750DA-AAE0-4AE2-9891-E79C3914D196}.Release|x86.Build.0 = Release|Any CPU
		{C8711EC8-0752-4F12-A721-2E35F63AA3BC}.Debug|Any CPU.ActiveCfg = Debug|Any CPU
		{C8711EC8-0752-4F12-A721-2E35F63AA3BC}.Debug|Any CPU.Build.0 = Debug|Any CPU
		{C8711EC8-0752-4F12-A721-2E35F63AA3BC}.Debug|x64.ActiveCfg = Debug|Any CPU
		{C8711EC8-0752-4F12-A721-2E35F63AA3BC}.Debug|x64.Build.0 = Debug|Any CPU
		{C8711EC8-0752-4F12-A721-2E35F63AA3BC}.Debug|x86.ActiveCfg = Debug|Any CPU
		{C8711EC8-0752-4F12-A721-2E35F63AA3BC}.Debug|x86.Build.0 = Debug|Any CPU
		{C8711EC8-0752-4F12-A721-2E35F63AA3BC}.Release|Any CPU.ActiveCfg = Release|Any CPU
		{C8711EC8-0752-4F12-A721-2E35F63AA3BC}.Release|Any CPU.Build.0 = Release|Any CPU
		{C8711EC8-0752-4F12-A721-2E35F63AA3BC}.Release|x64.ActiveCfg = Release|Any CPU
		{C8711EC8-0752-4F12-A721-2E35F63AA3BC}.Release|x64.Build.0 = Release|Any CPU
		{C8711EC8-0752-4F12-A721-2E35F63AA3BC}.Release|x86.ActiveCfg = Release|Any CPU
		{C8711EC8-0752-4F12-A721-2E35F63AA3BC}.Release|x86.Build.0 = Release|Any CPU
		{1B707364-9CFB-413B-AE3A-7D8B76345A26}.Debug|Any CPU.ActiveCfg = Debug|Any CPU
		{1B707364-9CFB-413B-AE3A-7D8B76345A26}.Debug|Any CPU.Build.0 = Debug|Any CPU
		{1B707364-9CFB-413B-AE3A-7D8B76345A26}.Debug|x64.ActiveCfg = Debug|Any CPU
		{1B707364-9CFB-413B-AE3A-7D8B76345A26}.Debug|x64.Build.0 = Debug|Any CPU
		{1B707364-9CFB-413B-AE3A-7D8B76345A26}.Debug|x86.ActiveCfg = Debug|Any CPU
		{1B707364-9CFB-413B-AE3A-7D8B76345A26}.Debug|x86.Build.0 = Debug|Any CPU
		{1B707364-9CFB-413B-AE3A-7D8B76345A26}.Release|Any CPU.ActiveCfg = Release|Any CPU
		{1B707364-9CFB-413B-AE3A-7D8B76345A26}.Release|Any CPU.Build.0 = Release|Any CPU
		{1B707364-9CFB-413B-AE3A-7D8B76345A26}.Release|x64.ActiveCfg = Release|Any CPU
		{1B707364-9CFB-413B-AE3A-7D8B76345A26}.Release|x64.Build.0 = Release|Any CPU
		{1B707364-9CFB-413B-AE3A-7D8B76345A26}.Release|x86.ActiveCfg = Release|Any CPU
		{1B707364-9CFB-413B-AE3A-7D8B76345A26}.Release|x86.Build.0 = Release|Any CPU
		{EC2B5D8F-1FDA-4568-99B7-8D7362BF989E}.Debug|Any CPU.ActiveCfg = Debug|Any CPU
		{EC2B5D8F-1FDA-4568-99B7-8D7362BF989E}.Debug|Any CPU.Build.0 = Debug|Any CPU
		{EC2B5D8F-1FDA-4568-99B7-8D7362BF989E}.Debug|x64.ActiveCfg = Debug|Any CPU
		{EC2B5D8F-1FDA-4568-99B7-8D7362BF989E}.Debug|x64.Build.0 = Debug|Any CPU
		{EC2B5D8F-1FDA-4568-99B7-8D7362BF989E}.Debug|x86.ActiveCfg = Debug|Any CPU
		{EC2B5D8F-1FDA-4568-99B7-8D7362BF989E}.Debug|x86.Build.0 = Debug|Any CPU
		{EC2B5D8F-1FDA-4568-99B7-8D7362BF989E}.Release|Any CPU.ActiveCfg = Release|Any CPU
		{EC2B5D8F-1FDA-4568-99B7-8D7362BF989E}.Release|Any CPU.Build.0 = Release|Any CPU
		{EC2B5D8F-1FDA-4568-99B7-8D7362BF989E}.Release|x64.ActiveCfg = Release|Any CPU
		{EC2B5D8F-1FDA-4568-99B7-8D7362BF989E}.Release|x64.Build.0 = Release|Any CPU
		{EC2B5D8F-1FDA-4568-99B7-8D7362BF989E}.Release|x86.ActiveCfg = Release|Any CPU
		{EC2B5D8F-1FDA-4568-99B7-8D7362BF989E}.Release|x86.Build.0 = Release|Any CPU
		{C3881203-3C67-4D07-839C-8CAF9E299402}.Debug|Any CPU.ActiveCfg = Debug|Any CPU
		{C3881203-3C67-4D07-839C-8CAF9E299402}.Debug|Any CPU.Build.0 = Debug|Any CPU
		{C3881203-3C67-4D07-839C-8CAF9E299402}.Debug|x64.ActiveCfg = Debug|Any CPU
		{C3881203-3C67-4D07-839C-8CAF9E299402}.Debug|x64.Build.0 = Debug|Any CPU
		{C3881203-3C67-4D07-839C-8CAF9E299402}.Debug|x86.ActiveCfg = Debug|Any CPU
		{C3881203-3C67-4D07-839C-8CAF9E299402}.Debug|x86.Build.0 = Debug|Any CPU
		{C3881203-3C67-4D07-839C-8CAF9E299402}.Release|Any CPU.ActiveCfg = Release|Any CPU
		{C3881203-3C67-4D07-839C-8CAF9E299402}.Release|Any CPU.Build.0 = Release|Any CPU
		{C3881203-3C67-4D07-839C-8CAF9E299402}.Release|x64.ActiveCfg = Release|Any CPU
		{C3881203-3C67-4D07-839C-8CAF9E299402}.Release|x64.Build.0 = Release|Any CPU
		{C3881203-3C67-4D07-839C-8CAF9E299402}.Release|x86.ActiveCfg = Release|Any CPU
		{C3881203-3C67-4D07-839C-8CAF9E299402}.Release|x86.Build.0 = Release|Any CPU
		{9ED04DB2-BAF9-4A10-B738-71FC76CA5126}.Debug|Any CPU.ActiveCfg = Debug|Any CPU
		{9ED04DB2-BAF9-4A10-B738-71FC76CA5126}.Debug|Any CPU.Build.0 = Debug|Any CPU
		{9ED04DB2-BAF9-4A10-B738-71FC76CA5126}.Debug|x64.ActiveCfg = Debug|Any CPU
		{9ED04DB2-BAF9-4A10-B738-71FC76CA5126}.Debug|x64.Build.0 = Debug|Any CPU
		{9ED04DB2-BAF9-4A10-B738-71FC76CA5126}.Debug|x86.ActiveCfg = Debug|Any CPU
		{9ED04DB2-BAF9-4A10-B738-71FC76CA5126}.Debug|x86.Build.0 = Debug|Any CPU
		{9ED04DB2-BAF9-4A10-B738-71FC76CA5126}.Release|Any CPU.ActiveCfg = Release|Any CPU
		{9ED04DB2-BAF9-4A10-B738-71FC76CA5126}.Release|Any CPU.Build.0 = Release|Any CPU
		{9ED04DB2-BAF9-4A10-B738-71FC76CA5126}.Release|x64.ActiveCfg = Release|Any CPU
		{9ED04DB2-BAF9-4A10-B738-71FC76CA5126}.Release|x64.Build.0 = Release|Any CPU
		{9ED04DB2-BAF9-4A10-B738-71FC76CA5126}.Release|x86.ActiveCfg = Release|Any CPU
		{9ED04DB2-BAF9-4A10-B738-71FC76CA5126}.Release|x86.Build.0 = Release|Any CPU
		{A02043AD-C7AD-4978-9ED4-B3D01B2EB227}.Debug|Any CPU.ActiveCfg = Debug|Any CPU
		{A02043AD-C7AD-4978-9ED4-B3D01B2EB227}.Debug|Any CPU.Build.0 = Debug|Any CPU
		{A02043AD-C7AD-4978-9ED4-B3D01B2EB227}.Debug|x64.ActiveCfg = Debug|Any CPU
		{A02043AD-C7AD-4978-9ED4-B3D01B2EB227}.Debug|x64.Build.0 = Debug|Any CPU
		{A02043AD-C7AD-4978-9ED4-B3D01B2EB227}.Debug|x86.ActiveCfg = Debug|Any CPU
		{A02043AD-C7AD-4978-9ED4-B3D01B2EB227}.Debug|x86.Build.0 = Debug|Any CPU
		{A02043AD-C7AD-4978-9ED4-B3D01B2EB227}.Release|Any CPU.ActiveCfg = Release|Any CPU
		{A02043AD-C7AD-4978-9ED4-B3D01B2EB227}.Release|Any CPU.Build.0 = Release|Any CPU
		{A02043AD-C7AD-4978-9ED4-B3D01B2EB227}.Release|x64.ActiveCfg = Release|Any CPU
		{A02043AD-C7AD-4978-9ED4-B3D01B2EB227}.Release|x64.Build.0 = Release|Any CPU
		{A02043AD-C7AD-4978-9ED4-B3D01B2EB227}.Release|x86.ActiveCfg = Release|Any CPU
		{A02043AD-C7AD-4978-9ED4-B3D01B2EB227}.Release|x86.Build.0 = Release|Any CPU
		{6E409FC5-9E69-4881-AB70-8AC3CE944B11}.Debug|Any CPU.ActiveCfg = Debug|Any CPU
		{6E409FC5-9E69-4881-AB70-8AC3CE944B11}.Debug|Any CPU.Build.0 = Debug|Any CPU
		{6E409FC5-9E69-4881-AB70-8AC3CE944B11}.Debug|x64.ActiveCfg = Debug|Any CPU
		{6E409FC5-9E69-4881-AB70-8AC3CE944B11}.Debug|x64.Build.0 = Debug|Any CPU
		{6E409FC5-9E69-4881-AB70-8AC3CE944B11}.Debug|x86.ActiveCfg = Debug|Any CPU
		{6E409FC5-9E69-4881-AB70-8AC3CE944B11}.Debug|x86.Build.0 = Debug|Any CPU
		{6E409FC5-9E69-4881-AB70-8AC3CE944B11}.Release|Any CPU.ActiveCfg = Release|Any CPU
		{6E409FC5-9E69-4881-AB70-8AC3CE944B11}.Release|Any CPU.Build.0 = Release|Any CPU
		{6E409FC5-9E69-4881-AB70-8AC3CE944B11}.Release|x64.ActiveCfg = Release|Any CPU
		{6E409FC5-9E69-4881-AB70-8AC3CE944B11}.Release|x64.Build.0 = Release|Any CPU
		{6E409FC5-9E69-4881-AB70-8AC3CE944B11}.Release|x86.ActiveCfg = Release|Any CPU
		{6E409FC5-9E69-4881-AB70-8AC3CE944B11}.Release|x86.Build.0 = Release|Any CPU
		{65C7D5EB-2AE3-4E68-81A2-2D4D223DE0F8}.Debug|Any CPU.ActiveCfg = Debug|Any CPU
		{65C7D5EB-2AE3-4E68-81A2-2D4D223DE0F8}.Debug|Any CPU.Build.0 = Debug|Any CPU
		{65C7D5EB-2AE3-4E68-81A2-2D4D223DE0F8}.Debug|x64.ActiveCfg = Debug|Any CPU
		{65C7D5EB-2AE3-4E68-81A2-2D4D223DE0F8}.Debug|x64.Build.0 = Debug|Any CPU
		{65C7D5EB-2AE3-4E68-81A2-2D4D223DE0F8}.Debug|x86.ActiveCfg = Debug|Any CPU
		{65C7D5EB-2AE3-4E68-81A2-2D4D223DE0F8}.Debug|x86.Build.0 = Debug|Any CPU
		{65C7D5EB-2AE3-4E68-81A2-2D4D223DE0F8}.Release|Any CPU.ActiveCfg = Release|Any CPU
		{65C7D5EB-2AE3-4E68-81A2-2D4D223DE0F8}.Release|Any CPU.Build.0 = Release|Any CPU
		{65C7D5EB-2AE3-4E68-81A2-2D4D223DE0F8}.Release|x64.ActiveCfg = Release|Any CPU
		{65C7D5EB-2AE3-4E68-81A2-2D4D223DE0F8}.Release|x64.Build.0 = Release|Any CPU
		{65C7D5EB-2AE3-4E68-81A2-2D4D223DE0F8}.Release|x86.ActiveCfg = Release|Any CPU
		{65C7D5EB-2AE3-4E68-81A2-2D4D223DE0F8}.Release|x86.Build.0 = Release|Any CPU
		{9E926A74-099C-4CCA-9577-72148077C679}.Debug|Any CPU.ActiveCfg = Debug|Any CPU
		{9E926A74-099C-4CCA-9577-72148077C679}.Debug|Any CPU.Build.0 = Debug|Any CPU
		{9E926A74-099C-4CCA-9577-72148077C679}.Debug|x64.ActiveCfg = Debug|Any CPU
		{9E926A74-099C-4CCA-9577-72148077C679}.Debug|x64.Build.0 = Debug|Any CPU
		{9E926A74-099C-4CCA-9577-72148077C679}.Debug|x86.ActiveCfg = Debug|Any CPU
		{9E926A74-099C-4CCA-9577-72148077C679}.Debug|x86.Build.0 = Debug|Any CPU
		{9E926A74-099C-4CCA-9577-72148077C679}.Release|Any CPU.ActiveCfg = Release|Any CPU
		{9E926A74-099C-4CCA-9577-72148077C679}.Release|Any CPU.Build.0 = Release|Any CPU
		{9E926A74-099C-4CCA-9577-72148077C679}.Release|x64.ActiveCfg = Release|Any CPU
		{9E926A74-099C-4CCA-9577-72148077C679}.Release|x64.Build.0 = Release|Any CPU
		{9E926A74-099C-4CCA-9577-72148077C679}.Release|x86.ActiveCfg = Release|Any CPU
		{9E926A74-099C-4CCA-9577-72148077C679}.Release|x86.Build.0 = Release|Any CPU
		{7978C631-D50B-456E-87CD-7AF9F504BB1D}.Debug|Any CPU.ActiveCfg = Debug|Any CPU
		{7978C631-D50B-456E-87CD-7AF9F504BB1D}.Debug|Any CPU.Build.0 = Debug|Any CPU
		{7978C631-D50B-456E-87CD-7AF9F504BB1D}.Debug|x64.ActiveCfg = Debug|Any CPU
		{7978C631-D50B-456E-87CD-7AF9F504BB1D}.Debug|x64.Build.0 = Debug|Any CPU
		{7978C631-D50B-456E-87CD-7AF9F504BB1D}.Debug|x86.ActiveCfg = Debug|Any CPU
		{7978C631-D50B-456E-87CD-7AF9F504BB1D}.Debug|x86.Build.0 = Debug|Any CPU
		{7978C631-D50B-456E-87CD-7AF9F504BB1D}.Release|Any CPU.ActiveCfg = Release|Any CPU
		{7978C631-D50B-456E-87CD-7AF9F504BB1D}.Release|Any CPU.Build.0 = Release|Any CPU
		{7978C631-D50B-456E-87CD-7AF9F504BB1D}.Release|x64.ActiveCfg = Release|Any CPU
		{7978C631-D50B-456E-87CD-7AF9F504BB1D}.Release|x64.Build.0 = Release|Any CPU
		{7978C631-D50B-456E-87CD-7AF9F504BB1D}.Release|x86.ActiveCfg = Release|Any CPU
		{7978C631-D50B-456E-87CD-7AF9F504BB1D}.Release|x86.Build.0 = Release|Any CPU
		{61713F14-3BFB-4BE2-96C8-C3DBF9309B1C}.Debug|Any CPU.ActiveCfg = Debug|Any CPU
		{61713F14-3BFB-4BE2-96C8-C3DBF9309B1C}.Debug|Any CPU.Build.0 = Debug|Any CPU
		{61713F14-3BFB-4BE2-96C8-C3DBF9309B1C}.Debug|x64.ActiveCfg = Debug|Any CPU
		{61713F14-3BFB-4BE2-96C8-C3DBF9309B1C}.Debug|x64.Build.0 = Debug|Any CPU
		{61713F14-3BFB-4BE2-96C8-C3DBF9309B1C}.Debug|x86.ActiveCfg = Debug|Any CPU
		{61713F14-3BFB-4BE2-96C8-C3DBF9309B1C}.Debug|x86.Build.0 = Debug|Any CPU
		{61713F14-3BFB-4BE2-96C8-C3DBF9309B1C}.Release|Any CPU.ActiveCfg = Release|Any CPU
		{61713F14-3BFB-4BE2-96C8-C3DBF9309B1C}.Release|Any CPU.Build.0 = Release|Any CPU
		{61713F14-3BFB-4BE2-96C8-C3DBF9309B1C}.Release|x64.ActiveCfg = Release|Any CPU
		{61713F14-3BFB-4BE2-96C8-C3DBF9309B1C}.Release|x64.Build.0 = Release|Any CPU
		{61713F14-3BFB-4BE2-96C8-C3DBF9309B1C}.Release|x86.ActiveCfg = Release|Any CPU
		{61713F14-3BFB-4BE2-96C8-C3DBF9309B1C}.Release|x86.Build.0 = Release|Any CPU
		{1AE7ABA7-04ED-412E-8E54-29A0E57FDED2}.Debug|Any CPU.ActiveCfg = Debug|Any CPU
		{1AE7ABA7-04ED-412E-8E54-29A0E57FDED2}.Debug|Any CPU.Build.0 = Debug|Any CPU
		{1AE7ABA7-04ED-412E-8E54-29A0E57FDED2}.Debug|x64.ActiveCfg = Debug|Any CPU
		{1AE7ABA7-04ED-412E-8E54-29A0E57FDED2}.Debug|x64.Build.0 = Debug|Any CPU
		{1AE7ABA7-04ED-412E-8E54-29A0E57FDED2}.Debug|x86.ActiveCfg = Debug|Any CPU
		{1AE7ABA7-04ED-412E-8E54-29A0E57FDED2}.Debug|x86.Build.0 = Debug|Any CPU
		{1AE7ABA7-04ED-412E-8E54-29A0E57FDED2}.Release|Any CPU.ActiveCfg = Release|Any CPU
		{1AE7ABA7-04ED-412E-8E54-29A0E57FDED2}.Release|Any CPU.Build.0 = Release|Any CPU
		{1AE7ABA7-04ED-412E-8E54-29A0E57FDED2}.Release|x64.ActiveCfg = Release|Any CPU
		{1AE7ABA7-04ED-412E-8E54-29A0E57FDED2}.Release|x64.Build.0 = Release|Any CPU
		{1AE7ABA7-04ED-412E-8E54-29A0E57FDED2}.Release|x86.ActiveCfg = Release|Any CPU
		{1AE7ABA7-04ED-412E-8E54-29A0E57FDED2}.Release|x86.Build.0 = Release|Any CPU
		{5F0AD3DE-A4B2-48D0-B77D-46D8DAB84FA8}.Debug|Any CPU.ActiveCfg = Debug|Any CPU
		{5F0AD3DE-A4B2-48D0-B77D-46D8DAB84FA8}.Debug|Any CPU.Build.0 = Debug|Any CPU
		{5F0AD3DE-A4B2-48D0-B77D-46D8DAB84FA8}.Debug|x64.ActiveCfg = Debug|Any CPU
		{5F0AD3DE-A4B2-48D0-B77D-46D8DAB84FA8}.Debug|x64.Build.0 = Debug|Any CPU
		{5F0AD3DE-A4B2-48D0-B77D-46D8DAB84FA8}.Debug|x86.ActiveCfg = Debug|Any CPU
		{5F0AD3DE-A4B2-48D0-B77D-46D8DAB84FA8}.Debug|x86.Build.0 = Debug|Any CPU
		{5F0AD3DE-A4B2-48D0-B77D-46D8DAB84FA8}.Release|Any CPU.ActiveCfg = Release|Any CPU
		{5F0AD3DE-A4B2-48D0-B77D-46D8DAB84FA8}.Release|Any CPU.Build.0 = Release|Any CPU
		{5F0AD3DE-A4B2-48D0-B77D-46D8DAB84FA8}.Release|x64.ActiveCfg = Release|Any CPU
		{5F0AD3DE-A4B2-48D0-B77D-46D8DAB84FA8}.Release|x64.Build.0 = Release|Any CPU
		{5F0AD3DE-A4B2-48D0-B77D-46D8DAB84FA8}.Release|x86.ActiveCfg = Release|Any CPU
		{5F0AD3DE-A4B2-48D0-B77D-46D8DAB84FA8}.Release|x86.Build.0 = Release|Any CPU
	EndGlobalSection
	GlobalSection(SolutionProperties) = preSolution
		HideSolutionNode = FALSE
	EndGlobalSection
EndGlobal
