
Microsoft Visual Studio Solution File, Format Version 12.00
# Visual Studio Version 17
VisualStudioVersion = 17.0.31903.59
MinimumVisualStudioVersion = 10.0.40219.1
Project("{FAE04EC0-301F-11D3-BF4B-00C04F79EFBC}") = "Task1", "Task1\Task1.csproj", "{4989F06D-3BF7-479C-A366-68B002B291C0}"
EndProject
Project("{FAE04EC0-301F-11D3-BF4B-00C04F79EFBC}") = "Task2", "Task2\Task2.csproj", "{A26C8612-C548-4948-9E64-18EEA1F787B9}"
EndProject
Project("{FAE04EC0-301F-11D3-BF4B-00C04F79EFBC}") = "Task3", "Task3\Task3.csproj", "{89ADA65C-F81D-4E27-B014-DD41BCA5F4CE}"
EndProject
Project("{FAE04EC0-301F-11D3-BF4B-00C04F79EFBC}") = "Task4", "Task4\Task4.csproj", "{A96D7E63-AFDF-46A3-8B1F-BE6BD86D85FC}"
EndProject
Project("{FAE04EC0-301F-11D3-BF4B-00C04F79EFBC}") = "Task5", "Task5\Task5.csproj", "{490EA937-F416-4712-9991-7C3201640813}"
EndProject
Project("{FAE04EC0-301F-11D3-BF4B-00C04F79EFBC}") = "Task6", "Task6\Task6.csproj", "{FC326019-3FCF-453F-B7B6-717A3D77DAA4}"
EndProject
Project("{FAE04EC0-301F-11D3-BF4B-00C04F79EFBC}") = "ConsoleApp1", "ConsoleApp1\ConsoleApp1.csproj", "{BD570F15-4674-421E-A48B-ECC300538244}"
EndProject
Project("{FAE04EC0-301F-11D3-BF4B-00C04F79EFBC}") = "Task7", "Task7\Task7.csproj", "{681DE869-4407-4D6D-A1C6-014117F0ED04}"
EndProject
Project("{FAE04EC0-301F-11D3-BF4B-00C04F79EFBC}") = "Task8", "Task8\Task8.csproj", "{ABEDCB66-F4DA-41C5-A114-645C2CADD00C}"
EndProject
Global
	GlobalSection(SolutionConfigurationPlatforms) = preSolution
		Debug|Any CPU = Debug|Any CPU
		Debug|x64 = Debug|x64
		Debug|x86 = Debug|x86
		Release|Any CPU = Release|Any CPU
		Release|x64 = Release|x64
		Release|x86 = Release|x86
	EndGlobalSection
	GlobalSection(ProjectConfigurationPlatforms) = postSolution
		{4989F06D-3BF7-479C-A366-68B002B291C0}.Debug|Any CPU.ActiveCfg = Debug|Any CPU
		{4989F06D-3BF7-479C-A366-68B002B291C0}.Debug|Any CPU.Build.0 = Debug|Any CPU
		{4989F06D-3BF7-479C-A366-68B002B291C0}.Debug|x64.ActiveCfg = Debug|Any CPU
		{4989F06D-3BF7-479C-A366-68B002B291C0}.Debug|x64.Build.0 = Debug|Any CPU
		{4989F06D-3BF7-479C-A366-68B002B291C0}.Debug|x86.ActiveCfg = Debug|Any CPU
		{4989F06D-3BF7-479C-A366-68B002B291C0}.Debug|x86.Build.0 = Debug|Any CPU
		{4989F06D-3BF7-479C-A366-68B002B291C0}.Release|Any CPU.ActiveCfg = Release|Any CPU
		{4989F06D-3BF7-479C-A366-68B002B291C0}.Release|Any CPU.Build.0 = Release|Any CPU
		{4989F06D-3BF7-479C-A366-68B002B291C0}.Release|x64.ActiveCfg = Release|Any CPU
		{4989F06D-3BF7-479C-A366-68B002B291C0}.Release|x64.Build.0 = Release|Any CPU
		{4989F06D-3BF7-479C-A366-68B002B291C0}.Release|x86.ActiveCfg = Release|Any CPU
		{4989F06D-3BF7-479C-A366-68B002B291C0}.Release|x86.Build.0 = Release|Any CPU
		{A26C8612-C548-4948-9E64-18EEA1F787B9}.Debug|Any CPU.ActiveCfg = Debug|Any CPU
		{A26C8612-C548-4948-9E64-18EEA1F787B9}.Debug|Any CPU.Build.0 = Debug|Any CPU
		{A26C8612-C548-4948-9E64-18EEA1F787B9}.Debug|x64.ActiveCfg = Debug|Any CPU
		{A26C8612-C548-4948-9E64-18EEA1F787B9}.Debug|x64.Build.0 = Debug|Any CPU
		{A26C8612-C548-4948-9E64-18EEA1F787B9}.Debug|x86.ActiveCfg = Debug|Any CPU
		{A26C8612-C548-4948-9E64-18EEA1F787B9}.Debug|x86.Build.0 = Debug|Any CPU
		{A26C8612-C548-4948-9E64-18EEA1F787B9}.Release|Any CPU.ActiveCfg = Release|Any CPU
		{A26C8612-C548-4948-9E64-18EEA1F787B9}.Release|Any CPU.Build.0 = Release|Any CPU
		{A26C8612-C548-4948-9E64-18EEA1F787B9}.Release|x64.ActiveCfg = Release|Any CPU
		{A26C8612-C548-4948-9E64-18EEA1F787B9}.Release|x64.Build.0 = Release|Any CPU
		{A26C8612-C548-4948-9E64-18EEA1F787B9}.Release|x86.ActiveCfg = Release|Any CPU
		{A26C8612-C548-4948-9E64-18EEA1F787B9}.Release|x86.Build.0 = Release|Any CPU
		{89ADA65C-F81D-4E27-B014-DD41BCA5F4CE}.Debug|Any CPU.ActiveCfg = Debug|Any CPU
		{89ADA65C-F81D-4E27-B014-DD41BCA5F4CE}.Debug|Any CPU.Build.0 = Debug|Any CPU
		{89ADA65C-F81D-4E27-B014-DD41BCA5F4CE}.Debug|x64.ActiveCfg = Debug|Any CPU
		{89ADA65C-F81D-4E27-B014-DD41BCA5F4CE}.Debug|x64.Build.0 = Debug|Any CPU
		{89ADA65C-F81D-4E27-B014-DD41BCA5F4CE}.Debug|x86.ActiveCfg = Debug|Any CPU
		{89ADA65C-F81D-4E27-B014-DD41BCA5F4CE}.Debug|x86.Build.0 = Debug|Any CPU
		{89ADA65C-F81D-4E27-B014-DD41BCA5F4CE}.Release|Any CPU.ActiveCfg = Release|Any CPU
		{89ADA65C-F81D-4E27-B014-DD41BCA5F4CE}.Release|Any CPU.Build.0 = Release|Any CPU
		{89ADA65C-F81D-4E27-B014-DD41BCA5F4CE}.Release|x64.ActiveCfg = Release|Any CPU
		{89ADA65C-F81D-4E27-B014-DD41BCA5F4CE}.Release|x64.Build.0 = Release|Any CPU
		{89ADA65C-F81D-4E27-B014-DD41BCA5F4CE}.Release|x86.ActiveCfg = Release|Any CPU
		{89ADA65C-F81D-4E27-B014-DD41BCA5F4CE}.Release|x86.Build.0 = Release|Any CPU
		{A96D7E63-AFDF-46A3-8B1F-BE6BD86D85FC}.Debug|Any CPU.ActiveCfg = Debug|Any CPU
		{A96D7E63-AFDF-46A3-8B1F-BE6BD86D85FC}.Debug|Any CPU.Build.0 = Debug|Any CPU
		{A96D7E63-AFDF-46A3-8B1F-BE6BD86D85FC}.Debug|x64.ActiveCfg = Debug|Any CPU
		{A96D7E63-AFDF-46A3-8B1F-BE6BD86D85FC}.Debug|x64.Build.0 = Debug|Any CPU
		{A96D7E63-AFDF-46A3-8B1F-BE6BD86D85FC}.Debug|x86.ActiveCfg = Debug|Any CPU
		{A96D7E63-AFDF-46A3-8B1F-BE6BD86D85FC}.Debug|x86.Build.0 = Debug|Any CPU
		{A96D7E63-AFDF-46A3-8B1F-BE6BD86D85FC}.Release|Any CPU.ActiveCfg = Release|Any CPU
		{A96D7E63-AFDF-46A3-8B1F-BE6BD86D85FC}.Release|Any CPU.Build.0 = Release|Any CPU
		{A96D7E63-AFDF-46A3-8B1F-BE6BD86D85FC}.Release|x64.ActiveCfg = Release|Any CPU
		{A96D7E63-AFDF-46A3-8B1F-BE6BD86D85FC}.Release|x64.Build.0 = Release|Any CPU
		{A96D7E63-AFDF-46A3-8B1F-BE6BD86D85FC}.Release|x86.ActiveCfg = Release|Any CPU
		{A96D7E63-AFDF-46A3-8B1F-BE6BD86D85FC}.Release|x86.Build.0 = Release|Any CPU
		{490EA937-F416-4712-9991-7C3201640813}.Debug|Any CPU.ActiveCfg = Debug|Any CPU
		{490EA937-F416-4712-9991-7C3201640813}.Debug|Any CPU.Build.0 = Debug|Any CPU
		{490EA937-F416-4712-9991-7C3201640813}.Debug|x64.ActiveCfg = Debug|Any CPU
		{490EA937-F416-4712-9991-7C3201640813}.Debug|x64.Build.0 = Debug|Any CPU
		{490EA937-F416-4712-9991-7C3201640813}.Debug|x86.ActiveCfg = Debug|Any CPU
		{490EA937-F416-4712-9991-7C3201640813}.Debug|x86.Build.0 = Debug|Any CPU
		{490EA937-F416-4712-9991-7C3201640813}.Release|Any CPU.ActiveCfg = Release|Any CPU
		{490EA937-F416-4712-9991-7C3201640813}.Release|Any CPU.Build.0 = Release|Any CPU
		{490EA937-F416-4712-9991-7C3201640813}.Release|x64.ActiveCfg = Release|Any CPU
		{490EA937-F416-4712-9991-7C3201640813}.Release|x64.Build.0 = Release|Any CPU
		{490EA937-F416-4712-9991-7C3201640813}.Release|x86.ActiveCfg = Release|Any CPU
		{490EA937-F416-4712-9991-7C3201640813}.Release|x86.Build.0 = Release|Any CPU
		{FC326019-3FCF-453F-B7B6-717A3D77DAA4}.Debug|Any CPU.ActiveCfg = Debug|Any CPU
		{FC326019-3FCF-453F-B7B6-717A3D77DAA4}.Debug|Any CPU.Build.0 = Debug|Any CPU
		{FC326019-3FCF-453F-B7B6-717A3D77DAA4}.Debug|x64.ActiveCfg = Debug|Any CPU
		{FC326019-3FCF-453F-B7B6-717A3D77DAA4}.Debug|x64.Build.0 = Debug|Any CPU
		{FC326019-3FCF-453F-B7B6-717A3D77DAA4}.Debug|x86.ActiveCfg = Debug|Any CPU
		{FC326019-3FCF-453F-B7B6-717A3D77DAA4}.Debug|x86.Build.0 = Debug|Any CPU
		{FC326019-3FCF-453F-B7B6-717A3D77DAA4}.Release|Any CPU.ActiveCfg = Release|Any CPU
		{FC326019-3FCF-453F-B7B6-717A3D77DAA4}.Release|Any CPU.Build.0 = Release|Any CPU
		{FC326019-3FCF-453F-B7B6-717A3D77DAA4}.Release|x64.ActiveCfg = Release|Any CPU
		{FC326019-3FCF-453F-B7B6-717A3D77DAA4}.Release|x64.Build.0 = Release|Any CPU
		{FC326019-3FCF-453F-B7B6-717A3D77DAA4}.Release|x86.ActiveCfg = Release|Any CPU
		{FC326019-3FCF-453F-B7B6-717A3D77DAA4}.Release|x86.Build.0 = Release|Any CPU
		{BD570F15-4674-421E-A48B-ECC300538244}.Debug|Any CPU.ActiveCfg = Debug|Any CPU
		{BD570F15-4674-421E-A48B-ECC300538244}.Debug|Any CPU.Build.0 = Debug|Any CPU
		{BD570F15-4674-421E-A48B-ECC300538244}.Debug|x64.ActiveCfg = Debug|Any CPU
		{BD570F15-4674-421E-A48B-ECC300538244}.Debug|x64.Build.0 = Debug|Any CPU
		{BD570F15-4674-421E-A48B-ECC300538244}.Debug|x86.ActiveCfg = Debug|Any CPU
		{BD570F15-4674-421E-A48B-ECC300538244}.Debug|x86.Build.0 = Debug|Any CPU
		{BD570F15-4674-421E-A48B-ECC300538244}.Release|Any CPU.ActiveCfg = Release|Any CPU
		{BD570F15-4674-421E-A48B-ECC300538244}.Release|Any CPU.Build.0 = Release|Any CPU
		{BD570F15-4674-421E-A48B-ECC300538244}.Release|x64.ActiveCfg = Release|Any CPU
		{BD570F15-4674-421E-A48B-ECC300538244}.Release|x64.Build.0 = Release|Any CPU
		{BD570F15-4674-421E-A48B-ECC300538244}.Release|x86.ActiveCfg = Release|Any CPU
		{BD570F15-4674-421E-A48B-ECC300538244}.Release|x86.Build.0 = Release|Any CPU
		{681DE869-4407-4D6D-A1C6-014117F0ED04}.Debug|Any CPU.ActiveCfg = Debug|Any CPU
		{681DE869-4407-4D6D-A1C6-014117F0ED04}.Debug|Any CPU.Build.0 = Debug|Any CPU
		{681DE869-4407-4D6D-A1C6-014117F0ED04}.Debug|x64.ActiveCfg = Debug|Any CPU
		{681DE869-4407-4D6D-A1C6-014117F0ED04}.Debug|x64.Build.0 = Debug|Any CPU
		{681DE869-4407-4D6D-A1C6-014117F0ED04}.Debug|x86.ActiveCfg = Debug|Any CPU
		{681DE869-4407-4D6D-A1C6-014117F0ED04}.Debug|x86.Build.0 = Debug|Any CPU
		{681DE869-4407-4D6D-A1C6-014117F0ED04}.Release|Any CPU.ActiveCfg = Release|Any CPU
		{681DE869-4407-4D6D-A1C6-014117F0ED04}.Release|Any CPU.Build.0 = Release|Any CPU
		{681DE869-4407-4D6D-A1C6-014117F0ED04}.Release|x64.ActiveCfg = Release|Any CPU
		{681DE869-4407-4D6D-A1C6-014117F0ED04}.Release|x64.Build.0 = Release|Any CPU
		{681DE869-4407-4D6D-A1C6-014117F0ED04}.Release|x86.ActiveCfg = Release|Any CPU
		{681DE869-4407-4D6D-A1C6-014117F0ED04}.Release|x86.Build.0 = Release|Any CPU
		{ABEDCB66-F4DA-41C5-A114-645C2CADD00C}.Debug|Any CPU.ActiveCfg = Debug|Any CPU
		{ABEDCB66-F4DA-41C5-A114-645C2CADD00C}.Debug|Any CPU.Build.0 = Debug|Any CPU
		{ABEDCB66-F4DA-41C5-A114-645C2CADD00C}.Debug|x64.ActiveCfg = Debug|Any CPU
		{ABEDCB66-F4DA-41C5-A114-645C2CADD00C}.Debug|x64.Build.0 = Debug|Any CPU
		{ABEDCB66-F4DA-41C5-A114-645C2CADD00C}.Debug|x86.ActiveCfg = Debug|Any CPU
		{ABEDCB66-F4DA-41C5-A114-645C2CADD00C}.Debug|x86.Build.0 = Debug|Any CPU
		{ABEDCB66-F4DA-41C5-A114-645C2CADD00C}.Release|Any CPU.ActiveCfg = Release|Any CPU
		{ABEDCB66-F4DA-41C5-A114-645C2CADD00C}.Release|Any CPU.Build.0 = Release|Any CPU
		{ABEDCB66-F4DA-41C5-A114-645C2CADD00C}.Release|x64.ActiveCfg = Release|Any CPU
		{ABEDCB66-F4DA-41C5-A114-645C2CADD00C}.Release|x64.Build.0 = Release|Any CPU
		{ABEDCB66-F4DA-41C5-A114-645C2CADD00C}.Release|x86.ActiveCfg = Release|Any CPU
		{ABEDCB66-F4DA-41C5-A114-645C2CADD00C}.Release|x86.Build.0 = Release|Any CPU
	EndGlobalSection
	GlobalSection(SolutionProperties) = preSolution
		HideSolutionNode = FALSE
	EndGlobalSection
EndGlobal
