
Microsoft Visual Studio Solution File, Format Version 12.00
# Visual Studio Version 17
VisualStudioVersion = 17.0.31903.59
MinimumVisualStudioVersion = 10.0.40219.1
Project("{FAE04EC0-301F-11D3-BF4B-00C04F79EFBC}") = "Task1", "Task1\Task1.csproj", "{F4E7CF7A-BF39-4EA9-A80E-276B52D83000}"
EndProject
Project("{FAE04EC0-301F-11D3-BF4B-00C04F79EFBC}") = "Task2", "Task2\Task2.csproj", "{2052C4B9-F72D-41D2-AC65-0CBAD0ECC900}"
EndProject
Project("{FAE04EC0-301F-11D3-BF4B-00C04F79EFBC}") = "Task3", "Task3\Task3.csproj", "{186C82B3-1E2B-49B4-9778-908201F7ABB0}"
EndProject
Project("{FAE04EC0-301F-11D3-BF4B-00C04F79EFBC}") = "Task4", "Task4\Task4.csproj", "{A18B1BB5-FAA5-4783-B570-A9028D78BB87}"
EndProject
Project("{FAE04EC0-301F-11D3-BF4B-00C04F79EFBC}") = "Task5", "Task5\Task5.csproj", "{504BBAC2-728C-462A-9B33-660EA71FBC20}"
EndProject
Project("{FAE04EC0-301F-11D3-BF4B-00C04F79EFBC}") = "Task6", "Task6\Task6.csproj", "{C887CBF1-DB8C-4E9C-B40B-7917B56B8756}"
EndProject
Project("{FAE04EC0-301F-11D3-BF4B-00C04F79EFBC}") = "Task7", "Task7\Task7.csproj", "{176310C2-B5AD-4725-B4C8-8796E93F7773}"
EndProject
Project("{FAE04EC0-301F-11D3-BF4B-00C04F79EFBC}") = "Task8", "Task8\Task8.csproj", "{2ABAEABA-67A3-402D-A4D1-DDBE709F7496}"
EndProject
Project("{FAE04EC0-301F-11D3-BF4B-00C04F79EFBC}") = "Task9", "Task9\Task9.csproj", "{A320B94E-2EDE-4D05-A9BB-4A33705FD75F}"
EndProject
Project("{FAE04EC0-301F-11D3-BF4B-00C04F79EFBC}") = "Task10", "Task10\Task10.csproj", "{C86D43B6-26BC-472B-A92B-E518BFE708B9}"
EndProject
Global
	GlobalSection(SolutionConfigurationPlatforms) = preSolution
		Debug|Any CPU = Debug|Any CPU
		Debug|x64 = Debug|x64
		Debug|x86 = Debug|x86
		Release|Any CPU = Release|Any CPU
		Release|x64 = Release|x64
		Release|x86 = Release|x86
	EndGlobalSection
	GlobalSection(ProjectConfigurationPlatforms) = postSolution
		{F4E7CF7A-BF39-4EA9-A80E-276B52D83000}.Debug|Any CPU.ActiveCfg = Debug|Any CPU
		{F4E7CF7A-BF39-4EA9-A80E-276B52D83000}.Debug|Any CPU.Build.0 = Debug|Any CPU
		{F4E7CF7A-BF39-4EA9-A80E-276B52D83000}.Debug|x64.ActiveCfg = Debug|Any CPU
		{F4E7CF7A-BF39-4EA9-A80E-276B52D83000}.Debug|x64.Build.0 = Debug|Any CPU
		{F4E7CF7A-BF39-4EA9-A80E-276B52D83000}.Debug|x86.ActiveCfg = Debug|Any CPU
		{F4E7CF7A-BF39-4EA9-A80E-276B52D83000}.Debug|x86.Build.0 = Debug|Any CPU
		{F4E7CF7A-BF39-4EA9-A80E-276B52D83000}.Release|Any CPU.ActiveCfg = Release|Any CPU
		{F4E7CF7A-BF39-4EA9-A80E-276B52D83000}.Release|Any CPU.Build.0 = Release|Any CPU
		{F4E7CF7A-BF39-4EA9-A80E-276B52D83000}.Release|x64.ActiveCfg = Release|Any CPU
		{F4E7CF7A-BF39-4EA9-A80E-276B52D83000}.Release|x64.Build.0 = Release|Any CPU
		{F4E7CF7A-BF39-4EA9-A80E-276B52D83000}.Release|x86.ActiveCfg = Release|Any CPU
		{F4E7CF7A-BF39-4EA9-A80E-276B52D83000}.Release|x86.Build.0 = Release|Any CPU
		{2052C4B9-F72D-41D2-AC65-0CBAD0ECC900}.Debug|Any CPU.ActiveCfg = Debug|Any CPU
		{2052C4B9-F72D-41D2-AC65-0CBAD0ECC900}.Debug|Any CPU.Build.0 = Debug|Any CPU
		{2052C4B9-F72D-41D2-AC65-0CBAD0ECC900}.Debug|x64.ActiveCfg = Debug|Any CPU
		{2052C4B9-F72D-41D2-AC65-0CBAD0ECC900}.Debug|x64.Build.0 = Debug|Any CPU
		{2052C4B9-F72D-41D2-AC65-0CBAD0ECC900}.Debug|x86.ActiveCfg = Debug|Any CPU
		{2052C4B9-F72D-41D2-AC65-0CBAD0ECC900}.Debug|x86.Build.0 = Debug|Any CPU
		{2052C4B9-F72D-41D2-AC65-0CBAD0ECC900}.Release|Any CPU.ActiveCfg = Release|Any CPU
		{2052C4B9-F72D-41D2-AC65-0CBAD0ECC900}.Release|Any CPU.Build.0 = Release|Any CPU
		{2052C4B9-F72D-41D2-AC65-0CBAD0ECC900}.Release|x64.ActiveCfg = Release|Any CPU
		{2052C4B9-F72D-41D2-AC65-0CBAD0ECC900}.Release|x64.Build.0 = Release|Any CPU
		{2052C4B9-F72D-41D2-AC65-0CBAD0ECC900}.Release|x86.ActiveCfg = Release|Any CPU
		{2052C4B9-F72D-41D2-AC65-0CBAD0ECC900}.Release|x86.Build.0 = Release|Any CPU
		{186C82B3-1E2B-49B4-9778-908201F7ABB0}.Debug|Any CPU.ActiveCfg = Debug|Any CPU
		{186C82B3-1E2B-49B4-9778-908201F7ABB0}.Debug|Any CPU.Build.0 = Debug|Any CPU
		{186C82B3-1E2B-49B4-9778-908201F7ABB0}.Debug|x64.ActiveCfg = Debug|Any CPU
		{186C82B3-1E2B-49B4-9778-908201F7ABB0}.Debug|x64.Build.0 = Debug|Any CPU
		{186C82B3-1E2B-49B4-9778-908201F7ABB0}.Debug|x86.ActiveCfg = Debug|Any CPU
		{186C82B3-1E2B-49B4-9778-908201F7ABB0}.Debug|x86.Build.0 = Debug|Any CPU
		{186C82B3-1E2B-49B4-9778-908201F7ABB0}.Release|Any CPU.ActiveCfg = Release|Any CPU
		{186C82B3-1E2B-49B4-9778-908201F7ABB0}.Release|Any CPU.Build.0 = Release|Any CPU
		{186C82B3-1E2B-49B4-9778-908201F7ABB0}.Release|x64.ActiveCfg = Release|Any CPU
		{186C82B3-1E2B-49B4-9778-908201F7ABB0}.Release|x64.Build.0 = Release|Any CPU
		{186C82B3-1E2B-49B4-9778-908201F7ABB0}.Release|x86.ActiveCfg = Release|Any CPU
		{186C82B3-1E2B-49B4-9778-908201F7ABB0}.Release|x86.Build.0 = Release|Any CPU
		{A18B1BB5-FAA5-4783-B570-A9028D78BB87}.Debug|Any CPU.ActiveCfg = Debug|Any CPU
		{A18B1BB5-FAA5-4783-B570-A9028D78BB87}.Debug|Any CPU.Build.0 = Debug|Any CPU
		{A18B1BB5-FAA5-4783-B570-A9028D78BB87}.Debug|x64.ActiveCfg = Debug|Any CPU
		{A18B1BB5-FAA5-4783-B570-A9028D78BB87}.Debug|x64.Build.0 = Debug|Any CPU
		{A18B1BB5-FAA5-4783-B570-A9028D78BB87}.Debug|x86.ActiveCfg = Debug|Any CPU
		{A18B1BB5-FAA5-4783-B570-A9028D78BB87}.Debug|x86.Build.0 = Debug|Any CPU
		{A18B1BB5-FAA5-4783-B570-A9028D78BB87}.Release|Any CPU.ActiveCfg = Release|Any CPU
		{A18B1BB5-FAA5-4783-B570-A9028D78BB87}.Release|Any CPU.Build.0 = Release|Any CPU
		{A18B1BB5-FAA5-4783-B570-A9028D78BB87}.Release|x64.ActiveCfg = Release|Any CPU
		{A18B1BB5-FAA5-4783-B570-A9028D78BB87}.Release|x64.Build.0 = Release|Any CPU
		{A18B1BB5-FAA5-4783-B570-A9028D78BB87}.Release|x86.ActiveCfg = Release|Any CPU
		{A18B1BB5-FAA5-4783-B570-A9028D78BB87}.Release|x86.Build.0 = Release|Any CPU
		{504BBAC2-728C-462A-9B33-660EA71FBC20}.Debug|Any CPU.ActiveCfg = Debug|Any CPU
		{504BBAC2-728C-462A-9B33-660EA71FBC20}.Debug|Any CPU.Build.0 = Debug|Any CPU
		{504BBAC2-728C-462A-9B33-660EA71FBC20}.Debug|x64.ActiveCfg = Debug|Any CPU
		{504BBAC2-728C-462A-9B33-660EA71FBC20}.Debug|x64.Build.0 = Debug|Any CPU
		{504BBAC2-728C-462A-9B33-660EA71FBC20}.Debug|x86.ActiveCfg = Debug|Any CPU
		{504BBAC2-728C-462A-9B33-660EA71FBC20}.Debug|x86.Build.0 = Debug|Any CPU
		{504BBAC2-728C-462A-9B33-660EA71FBC20}.Release|Any CPU.ActiveCfg = Release|Any CPU
		{504BBAC2-728C-462A-9B33-660EA71FBC20}.Release|Any CPU.Build.0 = Release|Any CPU
		{504BBAC2-728C-462A-9B33-660EA71FBC20}.Release|x64.ActiveCfg = Release|Any CPU
		{504BBAC2-728C-462A-9B33-660EA71FBC20}.Release|x64.Build.0 = Release|Any CPU
		{504BBAC2-728C-462A-9B33-660EA71FBC20}.Release|x86.ActiveCfg = Release|Any CPU
		{504BBAC2-728C-462A-9B33-660EA71FBC20}.Release|x86.Build.0 = Release|Any CPU
		{C887CBF1-DB8C-4E9C-B40B-7917B56B8756}.Debug|Any CPU.ActiveCfg = Debug|Any CPU
		{C887CBF1-DB8C-4E9C-B40B-7917B56B8756}.Debug|Any CPU.Build.0 = Debug|Any CPU
		{C887CBF1-DB8C-4E9C-B40B-7917B56B8756}.Debug|x64.ActiveCfg = Debug|Any CPU
		{C887CBF1-DB8C-4E9C-B40B-7917B56B8756}.Debug|x64.Build.0 = Debug|Any CPU
		{C887CBF1-DB8C-4E9C-B40B-7917B56B8756}.Debug|x86.ActiveCfg = Debug|Any CPU
		{C887CBF1-DB8C-4E9C-B40B-7917B56B8756}.Debug|x86.Build.0 = Debug|Any CPU
		{C887CBF1-DB8C-4E9C-B40B-7917B56B8756}.Release|Any CPU.ActiveCfg = Release|Any CPU
		{C887CBF1-DB8C-4E9C-B40B-7917B56B8756}.Release|Any CPU.Build.0 = Release|Any CPU
		{C887CBF1-DB8C-4E9C-B40B-7917B56B8756}.Release|x64.ActiveCfg = Release|Any CPU
		{C887CBF1-DB8C-4E9C-B40B-7917B56B8756}.Release|x64.Build.0 = Release|Any CPU
		{C887CBF1-DB8C-4E9C-B40B-7917B56B8756}.Release|x86.ActiveCfg = Release|Any CPU
		{C887CBF1-DB8C-4E9C-B40B-7917B56B8756}.Release|x86.Build.0 = Release|Any CPU
		{176310C2-B5AD-4725-B4C8-8796E93F7773}.Debug|Any CPU.ActiveCfg = Debug|Any CPU
		{176310C2-B5AD-4725-B4C8-8796E93F7773}.Debug|Any CPU.Build.0 = Debug|Any CPU
		{176310C2-B5AD-4725-B4C8-8796E93F7773}.Debug|x64.ActiveCfg = Debug|Any CPU
		{176310C2-B5AD-4725-B4C8-8796E93F7773}.Debug|x64.Build.0 = Debug|Any CPU
		{176310C2-B5AD-4725-B4C8-8796E93F7773}.Debug|x86.ActiveCfg = Debug|Any CPU
		{176310C2-B5AD-4725-B4C8-8796E93F7773}.Debug|x86.Build.0 = Debug|Any CPU
		{176310C2-B5AD-4725-B4C8-8796E93F7773}.Release|Any CPU.ActiveCfg = Release|Any CPU
		{176310C2-B5AD-4725-B4C8-8796E93F7773}.Release|Any CPU.Build.0 = Release|Any CPU
		{176310C2-B5AD-4725-B4C8-8796E93F7773}.Release|x64.ActiveCfg = Release|Any CPU
		{176310C2-B5AD-4725-B4C8-8796E93F7773}.Release|x64.Build.0 = Release|Any CPU
		{176310C2-B5AD-4725-B4C8-8796E93F7773}.Release|x86.ActiveCfg = Release|Any CPU
		{176310C2-B5AD-4725-B4C8-8796E93F7773}.Release|x86.Build.0 = Release|Any CPU
		{2ABAEABA-67A3-402D-A4D1-DDBE709F7496}.Debug|Any CPU.ActiveCfg = Debug|Any CPU
		{2ABAEABA-67A3-402D-A4D1-DDBE709F7496}.Debug|Any CPU.Build.0 = Debug|Any CPU
		{2ABAEABA-67A3-402D-A4D1-DDBE709F7496}.Debug|x64.ActiveCfg = Debug|Any CPU
		{2ABAEABA-67A3-402D-A4D1-DDBE709F7496}.Debug|x64.Build.0 = Debug|Any CPU
		{2ABAEABA-67A3-402D-A4D1-DDBE709F7496}.Debug|x86.ActiveCfg = Debug|Any CPU
		{2ABAEABA-67A3-402D-A4D1-DDBE709F7496}.Debug|x86.Build.0 = Debug|Any CPU
		{2ABAEABA-67A3-402D-A4D1-DDBE709F7496}.Release|Any CPU.ActiveCfg = Release|Any CPU
		{2ABAEABA-67A3-402D-A4D1-DDBE709F7496}.Release|Any CPU.Build.0 = Release|Any CPU
		{2ABAEABA-67A3-402D-A4D1-DDBE709F7496}.Release|x64.ActiveCfg = Release|Any CPU
		{2ABAEABA-67A3-402D-A4D1-DDBE709F7496}.Release|x64.Build.0 = Release|Any CPU
		{2ABAEABA-67A3-402D-A4D1-DDBE709F7496}.Release|x86.ActiveCfg = Release|Any CPU
		{2ABAEABA-67A3-402D-A4D1-DDBE709F7496}.Release|x86.Build.0 = Release|Any CPU
		{A320B94E-2EDE-4D05-A9BB-4A33705FD75F}.Debug|Any CPU.ActiveCfg = Debug|Any CPU
		{A320B94E-2EDE-4D05-A9BB-4A33705FD75F}.Debug|Any CPU.Build.0 = Debug|Any CPU
		{A320B94E-2EDE-4D05-A9BB-4A33705FD75F}.Debug|x64.ActiveCfg = Debug|Any CPU
		{A320B94E-2EDE-4D05-A9BB-4A33705FD75F}.Debug|x64.Build.0 = Debug|Any CPU
		{A320B94E-2EDE-4D05-A9BB-4A33705FD75F}.Debug|x86.ActiveCfg = Debug|Any CPU
		{A320B94E-2EDE-4D05-A9BB-4A33705FD75F}.Debug|x86.Build.0 = Debug|Any CPU
		{A320B94E-2EDE-4D05-A9BB-4A33705FD75F}.Release|Any CPU.ActiveCfg = Release|Any CPU
		{A320B94E-2EDE-4D05-A9BB-4A33705FD75F}.Release|Any CPU.Build.0 = Release|Any CPU
		{A320B94E-2EDE-4D05-A9BB-4A33705FD75F}.Release|x64.ActiveCfg = Release|Any CPU
		{A320B94E-2EDE-4D05-A9BB-4A33705FD75F}.Release|x64.Build.0 = Release|Any CPU
		{A320B94E-2EDE-4D05-A9BB-4A33705FD75F}.Release|x86.ActiveCfg = Release|Any CPU
		{A320B94E-2EDE-4D05-A9BB-4A33705FD75F}.Release|x86.Build.0 = Release|Any CPU
		{C86D43B6-26BC-472B-A92B-E518BFE708B9}.Debug|Any CPU.ActiveCfg = Debug|Any CPU
		{C86D43B6-26BC-472B-A92B-E518BFE708B9}.Debug|Any CPU.Build.0 = Debug|Any CPU
		{C86D43B6-26BC-472B-A92B-E518BFE708B9}.Debug|x64.ActiveCfg = Debug|Any CPU
		{C86D43B6-26BC-472B-A92B-E518BFE708B9}.Debug|x64.Build.0 = Debug|Any CPU
		{C86D43B6-26BC-472B-A92B-E518BFE708B9}.Debug|x86.ActiveCfg = Debug|Any CPU
		{C86D43B6-26BC-472B-A92B-E518BFE708B9}.Debug|x86.Build.0 = Debug|Any CPU
		{C86D43B6-26BC-472B-A92B-E518BFE708B9}.Release|Any CPU.ActiveCfg = Release|Any CPU
		{C86D43B6-26BC-472B-A92B-E518BFE708B9}.Release|Any CPU.Build.0 = Release|Any CPU
		{C86D43B6-26BC-472B-A92B-E518BFE708B9}.Release|x64.ActiveCfg = Release|Any CPU
		{C86D43B6-26BC-472B-A92B-E518BFE708B9}.Release|x64.Build.0 = Release|Any CPU
		{C86D43B6-26BC-472B-A92B-E518BFE708B9}.Release|x86.ActiveCfg = Release|Any CPU
		{C86D43B6-26BC-472B-A92B-E518BFE708B9}.Release|x86.Build.0 = Release|Any CPU
	EndGlobalSection
	GlobalSection(SolutionProperties) = preSolution
		HideSolutionNode = FALSE
	EndGlobalSection
EndGlobal
